
Microsoft Visual Studio Solution File, Format Version 12.00
# Visual Studio Version 16
VisualStudioVersion = 16.0.31112.23
MinimumVisualStudioVersion = 10.0.40219.1
Project("{FAE04EC0-301F-11D3-BF4B-00C04F79EFBC}") = "HHBK_Chemicals 12er 2021", "HHBK_Chemicals 12er 2021\HHBK_Chemicals 12er 2021.csproj", "{472FA6C1-56E5-4BBD-9C56-033E7B4CBC6D}"
EndProject
Global
	GlobalSection(SolutionConfigurationPlatforms) = preSolution
		Debug|Any CPU = Debug|Any CPU
		Release|Any CPU = Release|Any CPU
	EndGlobalSection
	GlobalSection(ProjectConfigurationPlatforms) = postSolution
		{472FA6C1-56E5-4BBD-9C56-033E7B4CBC6D}.Debug|Any CPU.ActiveCfg = Debug|Any CPU
		{472FA6C1-56E5-4BBD-9C56-033E7B4CBC6D}.Debug|Any CPU.Build.0 = Debug|Any CPU
		{472FA6C1-56E5-4BBD-9C56-033E7B4CBC6D}.Release|Any CPU.ActiveCfg = Release|Any CPU
		{472FA6C1-56E5-4BBD-9C56-033E7B4CBC6D}.Release|Any CPU.Build.0 = Release|Any CPU
	EndGlobalSection
	GlobalSection(SolutionProperties) = preSolution
		HideSolutionNode = FALSE
	EndGlobalSection
	GlobalSection(ExtensibilityGlobals) = postSolution
		SolutionGuid = {E76741D9-9AA7-42D8-89C6-C5254EA25A50}
	EndGlobalSection
EndGlobal
